
Microsoft Visual Studio Solution File, Format Version 12.00
# Visual Studio Version 17
VisualStudioVersion = 17.11.35219.272
MinimumVisualStudioVersion = 10.0.40219.1
Project("{FAE04EC0-301F-11D3-BF4B-00C04F79EFBC}") = "productsDetails", "productsDetails\productsDetails.csproj", "{6CC94282-8BB2-498F-99B1-E91D0B1F6E6A}"
EndProject
Global
	GlobalSection(SolutionConfigurationPlatforms) = preSolution
		Debug|Any CPU = Debug|Any CPU
		Release|Any CPU = Release|Any CPU
	EndGlobalSection
	GlobalSection(ProjectConfigurationPlatforms) = postSolution
		{6CC94282-8BB2-498F-99B1-E91D0B1F6E6A}.Debug|Any CPU.ActiveCfg = Debug|Any CPU
		{6CC94282-8BB2-498F-99B1-E91D0B1F6E6A}.Debug|Any CPU.Build.0 = Debug|Any CPU
		{6CC94282-8BB2-498F-99B1-E91D0B1F6E6A}.Release|Any CPU.ActiveCfg = Release|Any CPU
		{6CC94282-8BB2-498F-99B1-E91D0B1F6E6A}.Release|Any CPU.Build.0 = Release|Any CPU
	EndGlobalSection
	GlobalSection(SolutionProperties) = preSolution
		HideSolutionNode = FALSE
	EndGlobalSection
	GlobalSection(ExtensibilityGlobals) = postSolution
		SolutionGuid = {73A8E6BD-4E5C-4204-A29F-D97818858DC0}
	EndGlobalSection
EndGlobal
